
Microsoft Visual Studio Solution File, Format Version 12.00
# Visual Studio Version 17
VisualStudioVersion = 17.3.32804.467
MinimumVisualStudioVersion = 10.0.40219.1
Project("{FAE04EC0-301F-11D3-BF4B-00C04F79EFBC}") = "HelloWorldApp", "HelloWorldApp.csproj", "{FDE7611C-6B86-4F69-A18D-BA169C70D0CC}"
EndProject
Global
	GlobalSection(SolutionConfigurationPlatforms) = preSolution
		Debug|Any CPU = Debug|Any CPU
		Release|Any CPU = Release|Any CPU
	EndGlobalSection
	GlobalSection(ProjectConfigurationPlatforms) = postSolution
		{FDE7611C-6B86-4F69-A18D-BA169C70D0CC}.Debug|Any CPU.ActiveCfg = Debug|Any CPU
		{FDE7611C-6B86-4F69-A18D-BA169C70D0CC}.Debug|Any CPU.Build.0 = Debug|Any CPU
		{FDE7611C-6B86-4F69-A18D-BA169C70D0CC}.Release|Any CPU.ActiveCfg = Release|Any CPU
		{FDE7611C-6B86-4F69-A18D-BA169C70D0CC}.Release|Any CPU.Build.0 = Release|Any CPU
	EndGlobalSection
	GlobalSection(SolutionProperties) = preSolution
		HideSolutionNode = FALSE
	EndGlobalSection
	GlobalSection(ExtensibilityGlobals) = postSolution
		SolutionGuid = {95B10BDF-5A3D-441C-8D7F-5E9CBACDCB20}
	EndGlobalSection
EndGlobal
